{
  "requires": true,
  "lockfileVersion": 1,
  "dependencies": {
    "@types/validator": {
      "version": "13.6.3",
      "resolved": "https://registry.npmjs.org/@types/validator/-/validator-13.6.3.tgz",
      "integrity": "sha512-fWG42pMJOL4jKsDDZZREnXLjc3UE0R8LOJfARWYg6U966rxDT7TYejYzLnUF5cvSObGg34nd0+H2wHHU5Omdfw=="
    }
  }
}
