{
  "requires": true,
  "lockfileVersion": 1,
  "dependencies": {
    "@types/validator": {
      "version": "13.6.3",
      "resolved": "https://registry.npmjs.org/@types/validator/-/validator-13.6.3.tgz",
      "integrity": "sha512-fWG42pMJOL4jKsDDZZREnXLjc3UE0R8LOJfARWYg6U966rxDT7TYejYzLnUF5cvSObGg34nd0+H2wHHU5Omdfw=="
    },
    "class-validator": {
      "version": "0.13.1",
      "resolved": "https://registry.npmjs.org/class-validator/-/class-validator-0.13.1.tgz",
      "integrity": "sha512-zWIeYFhUitvAHBwNhDdCRK09hWx+P0HUwFE8US8/CxFpMVzkUK8RJl7yOIE+BVu2lxyPNgeOaFv78tLE47jBIg==",
      "requires": {
        "@types/validator": "^13.1.3",
        "libphonenumber-js": "^1.9.7",
        "validator": "^13.5.2"
      }
    },
    "libphonenumber-js": {
      "version": "1.9.22",
      "resolved": "https://registry.npmjs.org/libphonenumber-js/-/libphonenumber-js-1.9.22.tgz",
      "integrity": "sha512-nE0aF0wrNq09ewF36s9FVqRW73hmpw6cobVDlbexmsu1432LEfuN24BCudNuRx4t2rElSeK/N0JbedzRW/TC4A=="
    },
    "validator": {
      "version": "13.6.0",
      "resolved": "https://registry.npmjs.org/validator/-/validator-13.6.0.tgz",
      "integrity": "sha512-gVgKbdbHgtxpRyR8K0O6oFZPhhB5tT1jeEHZR0Znr9Svg03U0+r9DXWMrnRAB+HtCStDQKlaIZm42tVsVjqtjg=="
    }
  }
}
